
Microsoft Visual Studio Solution File, Format Version 12.00
# Visual Studio Version 16
VisualStudioVersion = 16.0.30709.132
MinimumVisualStudioVersion = 10.0.40219.1
Project("{8BC9CEB8-8B4A-11D0-8D11-00A0C91BC942}") = "11050_이항계수1", "11050_이항계수1.vcxproj", "{12781F75-88F1-4990-8C85-C464B548209B}"
EndProject
Global
	GlobalSection(SolutionConfigurationPlatforms) = preSolution
		Debug|x64 = Debug|x64
		Debug|x86 = Debug|x86
		Release|x64 = Release|x64
		Release|x86 = Release|x86
	EndGlobalSection
	GlobalSection(ProjectConfigurationPlatforms) = postSolution
		{12781F75-88F1-4990-8C85-C464B548209B}.Debug|x64.ActiveCfg = Debug|x64
		{12781F75-88F1-4990-8C85-C464B548209B}.Debug|x64.Build.0 = Debug|x64
		{12781F75-88F1-4990-8C85-C464B548209B}.Debug|x86.ActiveCfg = Debug|Win32
		{12781F75-88F1-4990-8C85-C464B548209B}.Debug|x86.Build.0 = Debug|Win32
		{12781F75-88F1-4990-8C85-C464B548209B}.Release|x64.ActiveCfg = Release|x64
		{12781F75-88F1-4990-8C85-C464B548209B}.Release|x64.Build.0 = Release|x64
		{12781F75-88F1-4990-8C85-C464B548209B}.Release|x86.ActiveCfg = Release|Win32
		{12781F75-88F1-4990-8C85-C464B548209B}.Release|x86.Build.0 = Release|Win32
	EndGlobalSection
	GlobalSection(SolutionProperties) = preSolution
		HideSolutionNode = FALSE
	EndGlobalSection
	GlobalSection(ExtensibilityGlobals) = postSolution
		SolutionGuid = {689431E0-80D5-4FD1-9ECB-0C9B224BC1FB}
	EndGlobalSection
EndGlobal
