
Microsoft Visual Studio Solution File, Format Version 12.00
# Visual Studio Version 16
VisualStudioVersion = 16.0.29911.84
MinimumVisualStudioVersion = 10.0.40219.1
Project("{8BC9CEB8-8B4A-11D0-8D11-00A0C91BC942}") = "1003_피보나치함수", "1003_피보나치함수.vcxproj", "{E0DC4B15-7784-4C4F-B9B8-C9CF40F2ECA2}"
EndProject
Global
	GlobalSection(SolutionConfigurationPlatforms) = preSolution
		Debug|x64 = Debug|x64
		Debug|x86 = Debug|x86
		Release|x64 = Release|x64
		Release|x86 = Release|x86
	EndGlobalSection
	GlobalSection(ProjectConfigurationPlatforms) = postSolution
		{E0DC4B15-7784-4C4F-B9B8-C9CF40F2ECA2}.Debug|x64.ActiveCfg = Debug|x64
		{E0DC4B15-7784-4C4F-B9B8-C9CF40F2ECA2}.Debug|x64.Build.0 = Debug|x64
		{E0DC4B15-7784-4C4F-B9B8-C9CF40F2ECA2}.Debug|x86.ActiveCfg = Debug|Win32
		{E0DC4B15-7784-4C4F-B9B8-C9CF40F2ECA2}.Debug|x86.Build.0 = Debug|Win32
		{E0DC4B15-7784-4C4F-B9B8-C9CF40F2ECA2}.Release|x64.ActiveCfg = Release|x64
		{E0DC4B15-7784-4C4F-B9B8-C9CF40F2ECA2}.Release|x64.Build.0 = Release|x64
		{E0DC4B15-7784-4C4F-B9B8-C9CF40F2ECA2}.Release|x86.ActiveCfg = Release|Win32
		{E0DC4B15-7784-4C4F-B9B8-C9CF40F2ECA2}.Release|x86.Build.0 = Release|Win32
	EndGlobalSection
	GlobalSection(SolutionProperties) = preSolution
		HideSolutionNode = FALSE
	EndGlobalSection
	GlobalSection(ExtensibilityGlobals) = postSolution
		SolutionGuid = {126C40E9-53B8-4F4D-A720-DDD6B0ED4AA6}
	EndGlobalSection
EndGlobal
