
Microsoft Visual Studio Solution File, Format Version 12.00
# Visual Studio Version 16
VisualStudioVersion = 16.0.30709.132
MinimumVisualStudioVersion = 10.0.40219.1
Project("{8BC9CEB8-8B4A-11D0-8D11-00A0C91BC942}") = "1037_약수", "1037_약수.vcxproj", "{BBFFD56D-C45C-43C7-891E-8921BADBBE72}"
EndProject
Global
	GlobalSection(SolutionConfigurationPlatforms) = preSolution
		Debug|x64 = Debug|x64
		Debug|x86 = Debug|x86
		Release|x64 = Release|x64
		Release|x86 = Release|x86
	EndGlobalSection
	GlobalSection(ProjectConfigurationPlatforms) = postSolution
		{BBFFD56D-C45C-43C7-891E-8921BADBBE72}.Debug|x64.ActiveCfg = Debug|x64
		{BBFFD56D-C45C-43C7-891E-8921BADBBE72}.Debug|x64.Build.0 = Debug|x64
		{BBFFD56D-C45C-43C7-891E-8921BADBBE72}.Debug|x86.ActiveCfg = Debug|Win32
		{BBFFD56D-C45C-43C7-891E-8921BADBBE72}.Debug|x86.Build.0 = Debug|Win32
		{BBFFD56D-C45C-43C7-891E-8921BADBBE72}.Release|x64.ActiveCfg = Release|x64
		{BBFFD56D-C45C-43C7-891E-8921BADBBE72}.Release|x64.Build.0 = Release|x64
		{BBFFD56D-C45C-43C7-891E-8921BADBBE72}.Release|x86.ActiveCfg = Release|Win32
		{BBFFD56D-C45C-43C7-891E-8921BADBBE72}.Release|x86.Build.0 = Release|Win32
	EndGlobalSection
	GlobalSection(SolutionProperties) = preSolution
		HideSolutionNode = FALSE
	EndGlobalSection
	GlobalSection(ExtensibilityGlobals) = postSolution
		SolutionGuid = {F742A2D3-B5D7-4A09-90D6-C203DFF63C09}
	EndGlobalSection
EndGlobal
