
Microsoft Visual Studio Solution File, Format Version 12.00
# Visual Studio Version 16
VisualStudioVersion = 16.0.30128.74
MinimumVisualStudioVersion = 10.0.40219.1
Project("{8BC9CEB8-8B4A-11D0-8D11-00A0C91BC942}") = "2579_계단오르기", "2579_계단오르기.vcxproj", "{68016477-68BC-4194-BAB2-74911B0B1056}"
EndProject
Global
	GlobalSection(SolutionConfigurationPlatforms) = preSolution
		Debug|x64 = Debug|x64
		Debug|x86 = Debug|x86
		Release|x64 = Release|x64
		Release|x86 = Release|x86
	EndGlobalSection
	GlobalSection(ProjectConfigurationPlatforms) = postSolution
		{68016477-68BC-4194-BAB2-74911B0B1056}.Debug|x64.ActiveCfg = Debug|x64
		{68016477-68BC-4194-BAB2-74911B0B1056}.Debug|x64.Build.0 = Debug|x64
		{68016477-68BC-4194-BAB2-74911B0B1056}.Debug|x86.ActiveCfg = Debug|Win32
		{68016477-68BC-4194-BAB2-74911B0B1056}.Debug|x86.Build.0 = Debug|Win32
		{68016477-68BC-4194-BAB2-74911B0B1056}.Release|x64.ActiveCfg = Release|x64
		{68016477-68BC-4194-BAB2-74911B0B1056}.Release|x64.Build.0 = Release|x64
		{68016477-68BC-4194-BAB2-74911B0B1056}.Release|x86.ActiveCfg = Release|Win32
		{68016477-68BC-4194-BAB2-74911B0B1056}.Release|x86.Build.0 = Release|Win32
	EndGlobalSection
	GlobalSection(SolutionProperties) = preSolution
		HideSolutionNode = FALSE
	EndGlobalSection
	GlobalSection(ExtensibilityGlobals) = postSolution
		SolutionGuid = {39C44D7A-929B-4091-ADD0-4A4E470E3DD6}
	EndGlobalSection
EndGlobal
